
Microsoft Visual Studio Solution File, Format Version 12.00
# Visual Studio Version 17
VisualStudioVersion = 17.14.36930.0
MinimumVisualStudioVersion = 10.0.40219.1
Project("{FAE04EC0-301F-11D3-BF4B-00C04F79EFBC}") = "RESTMusicRecord", "RESTMusicRecord\RESTMusicRecord.csproj", "{7E80AE3A-D42C-4873-85BC-D27FF857249C}"
EndProject
Global
	GlobalSection(SolutionConfigurationPlatforms) = preSolution
		Debug|Any CPU = Debug|Any CPU
		Release|Any CPU = Release|Any CPU
	EndGlobalSection
	GlobalSection(ProjectConfigurationPlatforms) = postSolution
		{7E80AE3A-D42C-4873-85BC-D27FF857249C}.Debug|Any CPU.ActiveCfg = Debug|Any CPU
		{7E80AE3A-D42C-4873-85BC-D27FF857249C}.Debug|Any CPU.Build.0 = Debug|Any CPU
		{7E80AE3A-D42C-4873-85BC-D27FF857249C}.Release|Any CPU.ActiveCfg = Release|Any CPU
		{7E80AE3A-D42C-4873-85BC-D27FF857249C}.Release|Any CPU.Build.0 = Release|Any CPU
	EndGlobalSection
	GlobalSection(SolutionProperties) = preSolution
		HideSolutionNode = FALSE
	EndGlobalSection
	GlobalSection(ExtensibilityGlobals) = postSolution
		SolutionGuid = {1E9034F1-6D35-4F70-B1D2-8C15A5F2BAA0}
	EndGlobalSection
EndGlobal
